
Microsoft Visual Studio Solution File, Format Version 12.00
# Visual Studio Version 17
VisualStudioVersion = 17.8.34511.84
MinimumVisualStudioVersion = 10.0.40219.1
Project("{9A19103F-16F7-4668-BE54-9A1E7A4F7556}") = "tools-dotnet", "tools-dotnet\tools-dotnet.csproj", "{CD7D8EE6-29BD-4513-9565-A7AFE36A4C46}"
EndProject
Project("{FAE04EC0-301F-11D3-BF4B-00C04F79EFBC}") = "tools-dotnet.Tests", "tools-dotnet.Tests\tools-dotnet.Tests.csproj", "{05992D6C-8C1E-4E1A-88E7-E1BBEE10D5DB}"
EndProject
Global
	GlobalSection(SolutionConfigurationPlatforms) = preSolution
		Debug|Any CPU = Debug|Any CPU
		Release|Any CPU = Release|Any CPU
	EndGlobalSection
	GlobalSection(ProjectConfigurationPlatforms) = postSolution
		{CD7D8EE6-29BD-4513-9565-A7AFE36A4C46}.Debug|Any CPU.ActiveCfg = Debug|Any CPU
		{CD7D8EE6-29BD-4513-9565-A7AFE36A4C46}.Debug|Any CPU.Build.0 = Debug|Any CPU
		{CD7D8EE6-29BD-4513-9565-A7AFE36A4C46}.Release|Any CPU.ActiveCfg = Release|Any CPU
		{CD7D8EE6-29BD-4513-9565-A7AFE36A4C46}.Release|Any CPU.Build.0 = Release|Any CPU
		{05992D6C-8C1E-4E1A-88E7-E1BBEE10D5DB}.Debug|Any CPU.ActiveCfg = Debug|Any CPU
		{05992D6C-8C1E-4E1A-88E7-E1BBEE10D5DB}.Debug|Any CPU.Build.0 = Debug|Any CPU
		{05992D6C-8C1E-4E1A-88E7-E1BBEE10D5DB}.Release|Any CPU.ActiveCfg = Release|Any CPU
		{05992D6C-8C1E-4E1A-88E7-E1BBEE10D5DB}.Release|Any CPU.Build.0 = Release|Any CPU
	EndGlobalSection
	GlobalSection(SolutionProperties) = preSolution
		HideSolutionNode = FALSE
	EndGlobalSection
	GlobalSection(ExtensibilityGlobals) = postSolution
		SolutionGuid = {A61EE438-7CC1-420B-87FC-8E37DA450269}
	EndGlobalSection
EndGlobal
